
Microsoft Visual Studio Solution File, Format Version 12.00
# Visual Studio Version 16
VisualStudioVersion = 16.0.30907.101
MinimumVisualStudioVersion = 10.0.40219.1
Project("{FAE04EC0-301F-11D3-BF4B-00C04F79EFBC}") = "Lab3!", "Lab3!\Lab3!.csproj", "{3CCDDCEB-9001-4579-B768-243B1DD5CFBB}"
EndProject
Global
	GlobalSection(SolutionConfigurationPlatforms) = preSolution
		Debug|Any CPU = Debug|Any CPU
		Release|Any CPU = Release|Any CPU
	EndGlobalSection
	GlobalSection(ProjectConfigurationPlatforms) = postSolution
		{3CCDDCEB-9001-4579-B768-243B1DD5CFBB}.Debug|Any CPU.ActiveCfg = Debug|Any CPU
		{3CCDDCEB-9001-4579-B768-243B1DD5CFBB}.Debug|Any CPU.Build.0 = Debug|Any CPU
		{3CCDDCEB-9001-4579-B768-243B1DD5CFBB}.Release|Any CPU.ActiveCfg = Release|Any CPU
		{3CCDDCEB-9001-4579-B768-243B1DD5CFBB}.Release|Any CPU.Build.0 = Release|Any CPU
	EndGlobalSection
	GlobalSection(SolutionProperties) = preSolution
		HideSolutionNode = FALSE
	EndGlobalSection
	GlobalSection(ExtensibilityGlobals) = postSolution
		SolutionGuid = {C38EA3DC-6ADE-4A8C-8CA0-E2571583A91A}
	EndGlobalSection
EndGlobal
